
Microsoft Visual Studio Solution File, Format Version 12.00
# Visual Studio Version 17
VisualStudioVersion = 17.5.33530.505
MinimumVisualStudioVersion = 10.0.40219.1
Project("{9A19103F-16F7-4668-BE54-9A1E7A4F7556}") = "KeyboardKata.Domain", "KeyboardKata.Domain\KeyboardKata.Domain.csproj", "{58C2D7D1-FAC6-41A0-A0DF-08CF13DD8535}"
EndProject
Project("{9A19103F-16F7-4668-BE54-9A1E7A4F7556}") = "KeyboardKata.Domain.Tests", "KeyboardKata.Domain.Tests\KeyboardKata.Domain.Tests.csproj", "{7233E316-5BB7-4922-84B5-2981C66C9E7A}"
EndProject
Project("{9A19103F-16F7-4668-BE54-9A1E7A4F7556}") = "KeyboardKata.Trainer.Cli", "KeyboardKata.Trainer.Cli\KeyboardKata.Trainer.Cli.csproj", "{E497622A-20D9-4767-93AD-B05E97F4383A}"
EndProject
Project("{2150E333-8FDC-42A3-9474-1A3956D46DE8}") = "Solution Items", "Solution Items", "{8C2A79E0-F773-4A39-938B-2C2453FDD00A}"
	ProjectSection(SolutionItems) = preProject
		.editorconfig = .editorconfig
	EndProjectSection
EndProject
Project("{9A19103F-16F7-4668-BE54-9A1E7A4F7556}") = "KeyboardKata.Trainer", "KeyboardKata.Trainer\KeyboardKata.Trainer.csproj", "{52A1FC07-0914-456C-B08D-E4B2567054BA}"
EndProject
Project("{9A19103F-16F7-4668-BE54-9A1E7A4F7556}") = "KeyboardKata.Trainer.Wpf", "KeyboardKata.Trainer.Wpf\KeyboardKata.Trainer.Wpf.csproj", "{BB8A7C74-843A-4CC1-BCDC-8B72D691DF6F}"
EndProject
Project("{9A19103F-16F7-4668-BE54-9A1E7A4F7556}") = "KeyboardKata.Trainer.ViewModels", "KeyboardKata.Trainer.ViewModels\KeyboardKata.Trainer.ViewModels.csproj", "{5203F5EF-4ED4-40A9-9688-710D69F0C952}"
EndProject
Project("{9A19103F-16F7-4668-BE54-9A1E7A4F7556}") = "KeyboardKata.Trainer.ViewModels.Tests", "KeyboardKata.Trainer.ViewModels.Tests\KeyboardKata.Trainer.ViewModels.Tests.csproj", "{56C48C02-68A2-4617-8486-6498275F1D52}"
EndProject
Project("{9A19103F-16F7-4668-BE54-9A1E7A4F7556}") = "KeyboardKata.App", "KeyboardKata.App\KeyboardKata.App.csproj", "{2342E45A-A49D-4F03-996E-221BD0407EA8}"
EndProject
Project("{9A19103F-16F7-4668-BE54-9A1E7A4F7556}") = "KeyboardKata.Trainer.ViewModels.Design", "KeyboardKata.Trainer.ViewModels.Design\KeyboardKata.Trainer.ViewModels.Design.csproj", "{A1BEC6E6-F966-4023-A4CE-E50AF4F7F73B}"
EndProject
Project("{9A19103F-16F7-4668-BE54-9A1E7A4F7556}") = "KeyboardKata.App.ImGui", "KeyboardKata.App.ImGui\KeyboardKata.App.ImGui.csproj", "{60081AA6-9E3C-438F-90F7-7411BB9AB207}"
EndProject
Project("{2150E333-8FDC-42A3-9474-1A3956D46DE8}") = "App", "App", "{1DE957F4-3B34-490B-B22B-2C1E5D6C8729}"
EndProject
Project("{2150E333-8FDC-42A3-9474-1A3956D46DE8}") = "Trainer", "Trainer", "{0BEE30B5-6115-4018-92B0-2501A5D059C6}"
EndProject
Project("{9A19103F-16F7-4668-BE54-9A1E7A4F7556}") = "KeyboardKata.App.ImGui.Windows", "KeyboardKata.App.ImGui.Windows\KeyboardKata.App.ImGui.Windows.csproj", "{520C13B7-75E4-4877-827D-05D2BF093834}"
EndProject
Project("{9A19103F-16F7-4668-BE54-9A1E7A4F7556}") = "KeyboardKata.Tests", "KeyboardKata.Tests\KeyboardKata.Tests.csproj", "{89BDD37E-8B7F-4D90-9D15-CEB1130AF26A}"
EndProject
Project("{9A19103F-16F7-4668-BE54-9A1E7A4F7556}") = "KeyboardKata.App.Tests", "KeyboardKata.App.Tests\KeyboardKata.App.Tests.csproj", "{9206C65A-4655-4653-86F3-00ADA0535BD5}"
EndProject
Global
	GlobalSection(SolutionConfigurationPlatforms) = preSolution
		Debug|Any CPU = Debug|Any CPU
		Release|Any CPU = Release|Any CPU
	EndGlobalSection
	GlobalSection(ProjectConfigurationPlatforms) = postSolution
		{58C2D7D1-FAC6-41A0-A0DF-08CF13DD8535}.Debug|Any CPU.ActiveCfg = Debug|Any CPU
		{58C2D7D1-FAC6-41A0-A0DF-08CF13DD8535}.Debug|Any CPU.Build.0 = Debug|Any CPU
		{58C2D7D1-FAC6-41A0-A0DF-08CF13DD8535}.Release|Any CPU.ActiveCfg = Debug|Any CPU
		{58C2D7D1-FAC6-41A0-A0DF-08CF13DD8535}.Release|Any CPU.Build.0 = Debug|Any CPU
		{7233E316-5BB7-4922-84B5-2981C66C9E7A}.Debug|Any CPU.ActiveCfg = Debug|Any CPU
		{7233E316-5BB7-4922-84B5-2981C66C9E7A}.Debug|Any CPU.Build.0 = Debug|Any CPU
		{7233E316-5BB7-4922-84B5-2981C66C9E7A}.Release|Any CPU.ActiveCfg = Debug|Any CPU
		{7233E316-5BB7-4922-84B5-2981C66C9E7A}.Release|Any CPU.Build.0 = Debug|Any CPU
		{E497622A-20D9-4767-93AD-B05E97F4383A}.Debug|Any CPU.ActiveCfg = Debug|Any CPU
		{E497622A-20D9-4767-93AD-B05E97F4383A}.Debug|Any CPU.Build.0 = Debug|Any CPU
		{E497622A-20D9-4767-93AD-B05E97F4383A}.Release|Any CPU.ActiveCfg = Debug|Any CPU
		{E497622A-20D9-4767-93AD-B05E97F4383A}.Release|Any CPU.Build.0 = Debug|Any CPU
		{52A1FC07-0914-456C-B08D-E4B2567054BA}.Debug|Any CPU.ActiveCfg = Debug|Any CPU
		{52A1FC07-0914-456C-B08D-E4B2567054BA}.Debug|Any CPU.Build.0 = Debug|Any CPU
		{52A1FC07-0914-456C-B08D-E4B2567054BA}.Release|Any CPU.ActiveCfg = Release|Any CPU
		{52A1FC07-0914-456C-B08D-E4B2567054BA}.Release|Any CPU.Build.0 = Release|Any CPU
		{BB8A7C74-843A-4CC1-BCDC-8B72D691DF6F}.Debug|Any CPU.ActiveCfg = Debug|Any CPU
		{BB8A7C74-843A-4CC1-BCDC-8B72D691DF6F}.Debug|Any CPU.Build.0 = Debug|Any CPU
		{BB8A7C74-843A-4CC1-BCDC-8B72D691DF6F}.Release|Any CPU.ActiveCfg = Release|Any CPU
		{BB8A7C74-843A-4CC1-BCDC-8B72D691DF6F}.Release|Any CPU.Build.0 = Release|Any CPU
		{5203F5EF-4ED4-40A9-9688-710D69F0C952}.Debug|Any CPU.ActiveCfg = Debug|Any CPU
		{5203F5EF-4ED4-40A9-9688-710D69F0C952}.Debug|Any CPU.Build.0 = Debug|Any CPU
		{5203F5EF-4ED4-40A9-9688-710D69F0C952}.Release|Any CPU.ActiveCfg = Release|Any CPU
		{5203F5EF-4ED4-40A9-9688-710D69F0C952}.Release|Any CPU.Build.0 = Release|Any CPU
		{56C48C02-68A2-4617-8486-6498275F1D52}.Debug|Any CPU.ActiveCfg = Debug|Any CPU
		{56C48C02-68A2-4617-8486-6498275F1D52}.Debug|Any CPU.Build.0 = Debug|Any CPU
		{56C48C02-68A2-4617-8486-6498275F1D52}.Release|Any CPU.ActiveCfg = Release|Any CPU
		{56C48C02-68A2-4617-8486-6498275F1D52}.Release|Any CPU.Build.0 = Release|Any CPU
		{2342E45A-A49D-4F03-996E-221BD0407EA8}.Debug|Any CPU.ActiveCfg = Debug|Any CPU
		{2342E45A-A49D-4F03-996E-221BD0407EA8}.Debug|Any CPU.Build.0 = Debug|Any CPU
		{2342E45A-A49D-4F03-996E-221BD0407EA8}.Release|Any CPU.ActiveCfg = Release|Any CPU
		{2342E45A-A49D-4F03-996E-221BD0407EA8}.Release|Any CPU.Build.0 = Release|Any CPU
		{A1BEC6E6-F966-4023-A4CE-E50AF4F7F73B}.Debug|Any CPU.ActiveCfg = Debug|Any CPU
		{A1BEC6E6-F966-4023-A4CE-E50AF4F7F73B}.Debug|Any CPU.Build.0 = Debug|Any CPU
		{A1BEC6E6-F966-4023-A4CE-E50AF4F7F73B}.Release|Any CPU.ActiveCfg = Release|Any CPU
		{A1BEC6E6-F966-4023-A4CE-E50AF4F7F73B}.Release|Any CPU.Build.0 = Release|Any CPU
		{60081AA6-9E3C-438F-90F7-7411BB9AB207}.Debug|Any CPU.ActiveCfg = Debug|Any CPU
		{60081AA6-9E3C-438F-90F7-7411BB9AB207}.Debug|Any CPU.Build.0 = Debug|Any CPU
		{60081AA6-9E3C-438F-90F7-7411BB9AB207}.Release|Any CPU.ActiveCfg = Release|Any CPU
		{60081AA6-9E3C-438F-90F7-7411BB9AB207}.Release|Any CPU.Build.0 = Release|Any CPU
		{520C13B7-75E4-4877-827D-05D2BF093834}.Debug|Any CPU.ActiveCfg = Debug|Any CPU
		{520C13B7-75E4-4877-827D-05D2BF093834}.Debug|Any CPU.Build.0 = Debug|Any CPU
		{520C13B7-75E4-4877-827D-05D2BF093834}.Release|Any CPU.ActiveCfg = Release|Any CPU
		{520C13B7-75E4-4877-827D-05D2BF093834}.Release|Any CPU.Build.0 = Release|Any CPU
		{89BDD37E-8B7F-4D90-9D15-CEB1130AF26A}.Debug|Any CPU.ActiveCfg = Debug|Any CPU
		{89BDD37E-8B7F-4D90-9D15-CEB1130AF26A}.Debug|Any CPU.Build.0 = Debug|Any CPU
		{89BDD37E-8B7F-4D90-9D15-CEB1130AF26A}.Release|Any CPU.ActiveCfg = Release|Any CPU
		{89BDD37E-8B7F-4D90-9D15-CEB1130AF26A}.Release|Any CPU.Build.0 = Release|Any CPU
		{9206C65A-4655-4653-86F3-00ADA0535BD5}.Debug|Any CPU.ActiveCfg = Debug|Any CPU
		{9206C65A-4655-4653-86F3-00ADA0535BD5}.Debug|Any CPU.Build.0 = Debug|Any CPU
		{9206C65A-4655-4653-86F3-00ADA0535BD5}.Release|Any CPU.ActiveCfg = Release|Any CPU
		{9206C65A-4655-4653-86F3-00ADA0535BD5}.Release|Any CPU.Build.0 = Release|Any CPU
	EndGlobalSection
	GlobalSection(SolutionProperties) = preSolution
		HideSolutionNode = FALSE
	EndGlobalSection
	GlobalSection(NestedProjects) = preSolution
		{E497622A-20D9-4767-93AD-B05E97F4383A} = {0BEE30B5-6115-4018-92B0-2501A5D059C6}
		{52A1FC07-0914-456C-B08D-E4B2567054BA} = {0BEE30B5-6115-4018-92B0-2501A5D059C6}
		{BB8A7C74-843A-4CC1-BCDC-8B72D691DF6F} = {0BEE30B5-6115-4018-92B0-2501A5D059C6}
		{5203F5EF-4ED4-40A9-9688-710D69F0C952} = {0BEE30B5-6115-4018-92B0-2501A5D059C6}
		{56C48C02-68A2-4617-8486-6498275F1D52} = {0BEE30B5-6115-4018-92B0-2501A5D059C6}
		{2342E45A-A49D-4F03-996E-221BD0407EA8} = {1DE957F4-3B34-490B-B22B-2C1E5D6C8729}
		{A1BEC6E6-F966-4023-A4CE-E50AF4F7F73B} = {0BEE30B5-6115-4018-92B0-2501A5D059C6}
		{60081AA6-9E3C-438F-90F7-7411BB9AB207} = {1DE957F4-3B34-490B-B22B-2C1E5D6C8729}
		{520C13B7-75E4-4877-827D-05D2BF093834} = {1DE957F4-3B34-490B-B22B-2C1E5D6C8729}
		{9206C65A-4655-4653-86F3-00ADA0535BD5} = {1DE957F4-3B34-490B-B22B-2C1E5D6C8729}
	EndGlobalSection
	GlobalSection(ExtensibilityGlobals) = postSolution
		SolutionGuid = {66C4E67D-4FBE-4687-92C0-807078ABA3C8}
	EndGlobalSection
EndGlobal
