
Microsoft Visual Studio Solution File, Format Version 12.00
# Visual Studio Version 17
VisualStudioVersion = 17.5.33530.505
MinimumVisualStudioVersion = 10.0.40219.1
Project("{9A19103F-16F7-4668-BE54-9A1E7A4F7556}") = "KeyboardKata.Domain", "KeyboardKata.Domain\KeyboardKata.Domain.csproj", "{58C2D7D1-FAC6-41A0-A0DF-08CF13DD8535}"
EndProject
Project("{9A19103F-16F7-4668-BE54-9A1E7A4F7556}") = "KeyboardKata.Domain.Tests", "KeyboardKata.Domain.Tests\KeyboardKata.Domain.Tests.csproj", "{7233E316-5BB7-4922-84B5-2981C66C9E7A}"
EndProject
Project("{9A19103F-16F7-4668-BE54-9A1E7A4F7556}") = "KeyboardKata.Trainer.Cli", "KeyboardKata.Trainer.Cli\KeyboardKata.Trainer.Cli.csproj", "{E497622A-20D9-4767-93AD-B05E97F4383A}"
EndProject
Project("{9A19103F-16F7-4668-BE54-9A1E7A4F7556}") = "KeyboardKata.Windows", "KeyboardKata.Windows\KeyboardKata.Windows.csproj", "{C879CCA8-5891-4153-8B7D-1C4AE60A07BF}"
EndProject
Project("{9A19103F-16F7-4668-BE54-9A1E7A4F7556}") = "KeyboardKata.Windows.Tests", "KeyboardKata.Windows.Tests\KeyboardKata.Windows.Tests.csproj", "{BD7E3F60-AD71-4BAA-B96D-B65F9127CBDB}"
EndProject
Project("{2150E333-8FDC-42A3-9474-1A3956D46DE8}") = "Solution Items", "Solution Items", "{8C2A79E0-F773-4A39-938B-2C2453FDD00A}"
	ProjectSection(SolutionItems) = preProject
		.editorconfig = .editorconfig
	EndProjectSection
EndProject
Project("{9A19103F-16F7-4668-BE54-9A1E7A4F7556}") = "KeyboardKata.Trainer", "KeyboardKata.Trainer\KeyboardKata.Trainer.csproj", "{52A1FC07-0914-456C-B08D-E4B2567054BA}"
EndProject
Project("{9A19103F-16F7-4668-BE54-9A1E7A4F7556}") = "KeyboardKata.Trainer.Wpf", "KeyboardKata.Trainer.Wpf\KeyboardKata.Trainer.Wpf.csproj", "{BB8A7C74-843A-4CC1-BCDC-8B72D691DF6F}"
EndProject
Project("{FAE04EC0-301F-11D3-BF4B-00C04F79EFBC}") = "KeyboardKata.Trainer.ViewModels", "KeyboardKata.Trainer.ViewModels\KeyboardKata.Trainer.ViewModels.csproj", "{5203F5EF-4ED4-40A9-9688-710D69F0C952}"
EndProject
Project("{FAE04EC0-301F-11D3-BF4B-00C04F79EFBC}") = "KeyboardKata.Trainer.ViewModels.Tests", "KeyboardKata.Trainer.ViewModels.Tests\KeyboardKata.Trainer.ViewModels.Tests.csproj", "{56C48C02-68A2-4617-8486-6498275F1D52}"
EndProject
Project("{FAE04EC0-301F-11D3-BF4B-00C04F79EFBC}") = "KeyboardKata.App", "KeyboardKata.App\KeyboardKata.App.csproj", "{2342E45A-A49D-4F03-996E-221BD0407EA8}"
EndProject
Project("{FAE04EC0-301F-11D3-BF4B-00C04F79EFBC}") = "KeyboardKata.App.ViewModels", "KeyboardKata.App.ViewModels\KeyboardKata.App.ViewModels.csproj", "{92ED762E-252E-438F-97A6-3C5210B5B3ED}"
EndProject
Project("{FAE04EC0-301F-11D3-BF4B-00C04F79EFBC}") = "KeyboardKata.App.Maui", "KeyboardKata.App.Maui\KeyboardKata.App.Maui.csproj", "{4369C53F-A329-4F0F-A9CC-20A85A11C5E2}"
EndProject
Global
	GlobalSection(SolutionConfigurationPlatforms) = preSolution
		Debug|Any CPU = Debug|Any CPU
		Release|Any CPU = Release|Any CPU
	EndGlobalSection
	GlobalSection(ProjectConfigurationPlatforms) = postSolution
		{58C2D7D1-FAC6-41A0-A0DF-08CF13DD8535}.Debug|Any CPU.ActiveCfg = Debug|Any CPU
		{58C2D7D1-FAC6-41A0-A0DF-08CF13DD8535}.Debug|Any CPU.Build.0 = Debug|Any CPU
		{58C2D7D1-FAC6-41A0-A0DF-08CF13DD8535}.Release|Any CPU.ActiveCfg = Debug|Any CPU
		{58C2D7D1-FAC6-41A0-A0DF-08CF13DD8535}.Release|Any CPU.Build.0 = Debug|Any CPU
		{7233E316-5BB7-4922-84B5-2981C66C9E7A}.Debug|Any CPU.ActiveCfg = Debug|Any CPU
		{7233E316-5BB7-4922-84B5-2981C66C9E7A}.Debug|Any CPU.Build.0 = Debug|Any CPU
		{7233E316-5BB7-4922-84B5-2981C66C9E7A}.Release|Any CPU.ActiveCfg = Debug|Any CPU
		{7233E316-5BB7-4922-84B5-2981C66C9E7A}.Release|Any CPU.Build.0 = Debug|Any CPU
		{E497622A-20D9-4767-93AD-B05E97F4383A}.Debug|Any CPU.ActiveCfg = Debug|Any CPU
		{E497622A-20D9-4767-93AD-B05E97F4383A}.Debug|Any CPU.Build.0 = Debug|Any CPU
		{E497622A-20D9-4767-93AD-B05E97F4383A}.Release|Any CPU.ActiveCfg = Debug|Any CPU
		{E497622A-20D9-4767-93AD-B05E97F4383A}.Release|Any CPU.Build.0 = Debug|Any CPU
		{C879CCA8-5891-4153-8B7D-1C4AE60A07BF}.Debug|Any CPU.ActiveCfg = Debug|Any CPU
		{C879CCA8-5891-4153-8B7D-1C4AE60A07BF}.Debug|Any CPU.Build.0 = Debug|Any CPU
		{C879CCA8-5891-4153-8B7D-1C4AE60A07BF}.Release|Any CPU.ActiveCfg = Debug|Any CPU
		{C879CCA8-5891-4153-8B7D-1C4AE60A07BF}.Release|Any CPU.Build.0 = Debug|Any CPU
		{BD7E3F60-AD71-4BAA-B96D-B65F9127CBDB}.Debug|Any CPU.ActiveCfg = Debug|Any CPU
		{BD7E3F60-AD71-4BAA-B96D-B65F9127CBDB}.Debug|Any CPU.Build.0 = Debug|Any CPU
		{BD7E3F60-AD71-4BAA-B96D-B65F9127CBDB}.Release|Any CPU.ActiveCfg = Release|Any CPU
		{BD7E3F60-AD71-4BAA-B96D-B65F9127CBDB}.Release|Any CPU.Build.0 = Release|Any CPU
		{52A1FC07-0914-456C-B08D-E4B2567054BA}.Debug|Any CPU.ActiveCfg = Debug|Any CPU
		{52A1FC07-0914-456C-B08D-E4B2567054BA}.Debug|Any CPU.Build.0 = Debug|Any CPU
		{52A1FC07-0914-456C-B08D-E4B2567054BA}.Release|Any CPU.ActiveCfg = Release|Any CPU
		{52A1FC07-0914-456C-B08D-E4B2567054BA}.Release|Any CPU.Build.0 = Release|Any CPU
		{BB8A7C74-843A-4CC1-BCDC-8B72D691DF6F}.Debug|Any CPU.ActiveCfg = Debug|Any CPU
		{BB8A7C74-843A-4CC1-BCDC-8B72D691DF6F}.Debug|Any CPU.Build.0 = Debug|Any CPU
		{BB8A7C74-843A-4CC1-BCDC-8B72D691DF6F}.Release|Any CPU.ActiveCfg = Release|Any CPU
		{BB8A7C74-843A-4CC1-BCDC-8B72D691DF6F}.Release|Any CPU.Build.0 = Release|Any CPU
		{5203F5EF-4ED4-40A9-9688-710D69F0C952}.Debug|Any CPU.ActiveCfg = Debug|Any CPU
		{5203F5EF-4ED4-40A9-9688-710D69F0C952}.Debug|Any CPU.Build.0 = Debug|Any CPU
		{5203F5EF-4ED4-40A9-9688-710D69F0C952}.Release|Any CPU.ActiveCfg = Release|Any CPU
		{5203F5EF-4ED4-40A9-9688-710D69F0C952}.Release|Any CPU.Build.0 = Release|Any CPU
		{56C48C02-68A2-4617-8486-6498275F1D52}.Debug|Any CPU.ActiveCfg = Debug|Any CPU
		{56C48C02-68A2-4617-8486-6498275F1D52}.Debug|Any CPU.Build.0 = Debug|Any CPU
		{56C48C02-68A2-4617-8486-6498275F1D52}.Release|Any CPU.ActiveCfg = Release|Any CPU
		{56C48C02-68A2-4617-8486-6498275F1D52}.Release|Any CPU.Build.0 = Release|Any CPU
		{2342E45A-A49D-4F03-996E-221BD0407EA8}.Debug|Any CPU.ActiveCfg = Debug|Any CPU
		{2342E45A-A49D-4F03-996E-221BD0407EA8}.Debug|Any CPU.Build.0 = Debug|Any CPU
		{2342E45A-A49D-4F03-996E-221BD0407EA8}.Release|Any CPU.ActiveCfg = Release|Any CPU
		{2342E45A-A49D-4F03-996E-221BD0407EA8}.Release|Any CPU.Build.0 = Release|Any CPU
		{92ED762E-252E-438F-97A6-3C5210B5B3ED}.Debug|Any CPU.ActiveCfg = Debug|Any CPU
		{92ED762E-252E-438F-97A6-3C5210B5B3ED}.Debug|Any CPU.Build.0 = Debug|Any CPU
		{92ED762E-252E-438F-97A6-3C5210B5B3ED}.Release|Any CPU.ActiveCfg = Release|Any CPU
		{92ED762E-252E-438F-97A6-3C5210B5B3ED}.Release|Any CPU.Build.0 = Release|Any CPU
		{4369C53F-A329-4F0F-A9CC-20A85A11C5E2}.Debug|Any CPU.ActiveCfg = Debug|Any CPU
		{4369C53F-A329-4F0F-A9CC-20A85A11C5E2}.Debug|Any CPU.Build.0 = Debug|Any CPU
		{4369C53F-A329-4F0F-A9CC-20A85A11C5E2}.Debug|Any CPU.Deploy.0 = Debug|Any CPU
		{4369C53F-A329-4F0F-A9CC-20A85A11C5E2}.Release|Any CPU.ActiveCfg = Release|Any CPU
		{4369C53F-A329-4F0F-A9CC-20A85A11C5E2}.Release|Any CPU.Build.0 = Release|Any CPU
		{4369C53F-A329-4F0F-A9CC-20A85A11C5E2}.Release|Any CPU.Deploy.0 = Release|Any CPU
	EndGlobalSection
	GlobalSection(SolutionProperties) = preSolution
		HideSolutionNode = FALSE
	EndGlobalSection
	GlobalSection(ExtensibilityGlobals) = postSolution
		SolutionGuid = {66C4E67D-4FBE-4687-92C0-807078ABA3C8}
	EndGlobalSection
EndGlobal
